
Microsoft Visual Studio Solution File, Format Version 12.00
# Visual Studio Version 17
VisualStudioVersion = 17.4.33110.190
MinimumVisualStudioVersion = 10.0.40219.1
Project("{FAE04EC0-301F-11D3-BF4B-00C04F79EFBC}") = "CS_ex", "CS_ex.csproj", "{0C0EEBC6-DAD5-44DA-B3AD-0CF0F1636897}"
EndProject
Global
	GlobalSection(SolutionConfigurationPlatforms) = preSolution
		Debug|Any CPU = Debug|Any CPU
		Release|Any CPU = Release|Any CPU
	EndGlobalSection
	GlobalSection(ProjectConfigurationPlatforms) = postSolution
		{0C0EEBC6-DAD5-44DA-B3AD-0CF0F1636897}.Debug|Any CPU.ActiveCfg = Debug|Any CPU
		{0C0EEBC6-DAD5-44DA-B3AD-0CF0F1636897}.Debug|Any CPU.Build.0 = Debug|Any CPU
		{0C0EEBC6-DAD5-44DA-B3AD-0CF0F1636897}.Release|Any CPU.ActiveCfg = Release|Any CPU
		{0C0EEBC6-DAD5-44DA-B3AD-0CF0F1636897}.Release|Any CPU.Build.0 = Release|Any CPU
	EndGlobalSection
	GlobalSection(SolutionProperties) = preSolution
		HideSolutionNode = FALSE
	EndGlobalSection
	GlobalSection(ExtensibilityGlobals) = postSolution
		SolutionGuid = {A42E47BF-64BC-4F10-83C2-AEE79F04A1EC}
	EndGlobalSection
EndGlobal
